
Microsoft Visual Studio Solution File, Format Version 12.00
# Visual Studio Version 17
VisualStudioVersion = 17.2.32602.215
MinimumVisualStudioVersion = 10.0.40219.1
Project("{9A19103F-16F7-4668-BE54-9A1E7A4F7556}") = "CorpComApi", "CorpComApi\CorpComApi\CorpComApi.csproj", "{90EFF106-EEC6-4184-A92C-548157B51776}"
EndProject
Project("{9A19103F-16F7-4668-BE54-9A1E7A4F7556}") = "CorpComApi.UnitTest", "CorpComApi\CorpComApi.UnitTest\CorpComApi.UnitTest.csproj", "{F5E55DCE-9F42-4A8C-AE51-690EAA24F4C0}"
EndProject
Project("{2150E333-8FDC-42A3-9474-1A3956D46DE8}") = "Solution Items", "Solution Items", "{BA2DF90B-DAC5-4A76-BE38-D02623296991}"
	ProjectSection(SolutionItems) = preProject
		.editorconfig = .editorconfig
	EndProjectSection
EndProject
Global
	GlobalSection(SolutionConfigurationPlatforms) = preSolution
		Debug|Any CPU = Debug|Any CPU
		Release|Any CPU = Release|Any CPU
	EndGlobalSection
	GlobalSection(ProjectConfigurationPlatforms) = postSolution
		{90EFF106-EEC6-4184-A92C-548157B51776}.Debug|Any CPU.ActiveCfg = Debug|Any CPU
		{90EFF106-EEC6-4184-A92C-548157B51776}.Debug|Any CPU.Build.0 = Debug|Any CPU
		{90EFF106-EEC6-4184-A92C-548157B51776}.Release|Any CPU.ActiveCfg = Release|Any CPU
		{90EFF106-EEC6-4184-A92C-548157B51776}.Release|Any CPU.Build.0 = Release|Any CPU
		{F5E55DCE-9F42-4A8C-AE51-690EAA24F4C0}.Debug|Any CPU.ActiveCfg = Debug|Any CPU
		{F5E55DCE-9F42-4A8C-AE51-690EAA24F4C0}.Debug|Any CPU.Build.0 = Debug|Any CPU
		{F5E55DCE-9F42-4A8C-AE51-690EAA24F4C0}.Release|Any CPU.ActiveCfg = Release|Any CPU
		{F5E55DCE-9F42-4A8C-AE51-690EAA24F4C0}.Release|Any CPU.Build.0 = Release|Any CPU
	EndGlobalSection
	GlobalSection(SolutionProperties) = preSolution
		HideSolutionNode = FALSE
	EndGlobalSection
	GlobalSection(ExtensibilityGlobals) = postSolution
		SolutionGuid = {1E9F514D-429D-4BD3-9043-98E2319E3729}
	EndGlobalSection
EndGlobal
